
Microsoft Visual Studio Solution File, Format Version 12.00
# Visual Studio Version 17
VisualStudioVersion = 17.6.33815.320
MinimumVisualStudioVersion = 10.0.40219.1
Project("{FAE04EC0-301F-11D3-BF4B-00C04F79EFBC}") = "Skynet2", "Skynet2\Skynet2.csproj", "{97B8A15E-34AB-4B3C-B6E1-17953E99D356}"
EndProject
Global
	GlobalSection(SolutionConfigurationPlatforms) = preSolution
		Debug|Any CPU = Debug|Any CPU
		Release|Any CPU = Release|Any CPU
	EndGlobalSection
	GlobalSection(ProjectConfigurationPlatforms) = postSolution
		{97B8A15E-34AB-4B3C-B6E1-17953E99D356}.Debug|Any CPU.ActiveCfg = Debug|Any CPU
		{97B8A15E-34AB-4B3C-B6E1-17953E99D356}.Debug|Any CPU.Build.0 = Debug|Any CPU
		{97B8A15E-34AB-4B3C-B6E1-17953E99D356}.Release|Any CPU.ActiveCfg = Release|Any CPU
		{97B8A15E-34AB-4B3C-B6E1-17953E99D356}.Release|Any CPU.Build.0 = Release|Any CPU
	EndGlobalSection
	GlobalSection(SolutionProperties) = preSolution
		HideSolutionNode = FALSE
	EndGlobalSection
	GlobalSection(ExtensibilityGlobals) = postSolution
		SolutionGuid = {FCCCBE2E-00E8-49F9-9FD6-06CFAD0D8766}
	EndGlobalSection
EndGlobal
